{
  "originHash" : "ed3cd6d4abaa38b9e5879a5dc7eec75a85dbc908187490307ed318042c65b330",
  "pins" : [
    {
      "identity" : "swiftescl",
      "kind" : "remoteSourceControl",
      "location" : "https://github.com/LeoKlaus/SwiftESCL",
      "state" : {
        "revision" : "7b49089f7ce3df042794acd0af9fa699f8baf6bc",
        "version" : "3.0.0"
      }
    }
  ],
  "version" : 3
}
