{
  "originHash" : "ed3cd6d4abaa38b9e5879a5dc7eec75a85dbc908187490307ed318042c65b330",
  "pins" : [
    {
      "identity" : "swiftescl",
      "kind" : "remoteSourceControl",
      "location" : "https://github.com/LeoKlaus/SwiftESCL",
      "state" : {
        "revision" : "a94265ad82a8a3c51c931637dec390831a193219",
        "version" : "2.0.0"
      }
    }
  ],
  "version" : 3
}
