// !$*UTF8*$!
{
	archiveVersion = 1;
	classes = {
	};
	objectVersion = 77;
	objects = {

/* Begin PBXBuildFile section */
		4A295D4C2D4506F400376127 /* ScannerBrowser+Mock.swift in Sources */ = {isa = PBXBuildFile; fileRef = 4A295D362D4506F400376127 /* ScannerBrowser+Mock.swift */; };
		4A295D502D4506F400376127 /* DocumentBrowser.swift in Sources */ = {isa = PBXBuildFile; fileRef = 4A295D272D4506F400376127 /* DocumentBrowser.swift */; };
		4A295D512D4506F400376127 /* ESCLScanner.swift in Sources */ = {isa = PBXBuildFile; fileRef = 4A295D302D4506F400376127 /* ESCLScanner.swift */; };
		4A295D522D4506F400376127 /* HandleErrorsByShowingAlertViewModifier.swift in Sources */ = {isa = PBXBuildFile; fileRef = 4A295D2D2D4506F400376127 /* HandleErrorsByShowingAlertViewModifier.swift */; };
		4A295D532D4506F400376127 /* LogDisplay.swift in Sources */ = {isa = PBXBuildFile; fileRef = 4A295D2E2D4506F400376127 /* LogDisplay.swift */; };
		4A295D542D4506F400376127 /* TabStateHandler.swift in Sources */ = {isa = PBXBuildFile; fileRef = 4A295D4A2D4506F400376127 /* TabStateHandler.swift */; };
		4A295D552D4506F400376127 /* ScannerListItem.swift in Sources */ = {isa = PBXBuildFile; fileRef = 4A295D482D4506F400376127 /* ScannerListItem.swift */; };
		4A295D572D4506F400376127 /* EsclScanner+Mock.swift in Sources */ = {isa = PBXBuildFile; fileRef = 4A295D332D4506F400376127 /* EsclScanner+Mock.swift */; };
		4A295D582D4506F400376127 /* PDFKitRepresentedView.swift in Sources */ = {isa = PBXBuildFile; fileRef = 4A295D292D4506F400376127 /* PDFKitRepresentedView.swift */; };
		4A295D5A2D4506F400376127 /* ErrorAlert.swift in Sources */ = {isa = PBXBuildFile; fileRef = 4A295D2B2D4506F400376127 /* ErrorAlert.swift */; };
		4A295D5B2D4506F400376127 /* EsclScannerCapabilities+Mock.swift in Sources */ = {isa = PBXBuildFile; fileRef = 4A295D342D4506F400376127 /* EsclScannerCapabilities+Mock.swift */; };
		4A295D5D2D4506F400376127 /* ContentView.swift in Sources */ = {isa = PBXBuildFile; fileRef = 4A295D262D4506F400376127 /* ContentView.swift */; };
		4A295D5F2D4506F400376127 /* ExportLogsButton.swift in Sources */ = {isa = PBXBuildFile; fileRef = 4A295D2C2D4506F400376127 /* ExportLogsButton.swift */; };
		4A295D612D4506F400376127 /* Capabilities+Mock.swift in Sources */ = {isa = PBXBuildFile; fileRef = 4A295D322D4506F400376127 /* Capabilities+Mock.swift */; };
		4A295D642D4506F400376127 /* ScannerBrowserView.swift in Sources */ = {isa = PBXBuildFile; fileRef = 4A295D472D4506F400376127 /* ScannerBrowserView.swift */; };
		4A295D652D4506F400376127 /* DocumentPreview.swift in Sources */ = {isa = PBXBuildFile; fileRef = 4A295D282D4506F400376127 /* DocumentPreview.swift */; };
		4A295D662D4506F400376127 /* ScannerDetailView.swift in Sources */ = {isa = PBXBuildFile; fileRef = 4A295D422D4506F400376127 /* ScannerDetailView.swift */; };
		4A295D692D4506F400376127 /* Preview Assets.xcassets in Resources */ = {isa = PBXBuildFile; fileRef = 4A295D352D4506F400376127 /* Preview Assets.xcassets */; };
		4A295DBA2D45071A00376127 /* OpenAirScanApp.swift in Sources */ = {isa = PBXBuildFile; fileRef = 4A295DB92D45071A00376127 /* OpenAirScanApp.swift */; };
		4A3487002D452CF600E4F9D8 /* PDFDocument.swift in Sources */ = {isa = PBXBuildFile; fileRef = 4A3486FF2D452CF400E4F9D8 /* PDFDocument.swift */; };
		4A3487022D45391500E4F9D8 /* Localizable.xcstrings in Resources */ = {isa = PBXBuildFile; fileRef = 4A3487012D45391500E4F9D8 /* Localizable.xcstrings */; };
		4A3487212D454A5000E4F9D8 /* 2.png in Resources */ = {isa = PBXBuildFile; fileRef = 4A34871E2D454A5000E4F9D8 /* 2.png */; };
		4A3487222D454A5000E4F9D8 /* 1.png in Resources */ = {isa = PBXBuildFile; fileRef = 4A34871D2D454A5000E4F9D8 /* 1.png */; };
		4A3487232D454A5000E4F9D8 /* 4.png in Resources */ = {isa = PBXBuildFile; fileRef = 4A3487202D454A5000E4F9D8 /* 4.png */; };
		4A3487242D454A5000E4F9D8 /* 3.png in Resources */ = {isa = PBXBuildFile; fileRef = 4A34871F2D454A5000E4F9D8 /* 3.png */; };
		4AAEA7282D45148900ADE8E7 /* SwiftESCL in Frameworks */ = {isa = PBXBuildFile; productRef = 4AAEA7272D45148900ADE8E7 /* SwiftESCL */; };
		4AB17CD028A0191C00CBBF73 /* LICENSE in Resources */ = {isa = PBXBuildFile; fileRef = 4AB17CCF28A0191C00CBBF73 /* LICENSE */; };
		4AF0F6882880011C00088399 /* Assets.xcassets in Resources */ = {isa = PBXBuildFile; fileRef = 4AF0F6872880011C00088399 /* Assets.xcassets */; };
/* End PBXBuildFile section */

/* Begin PBXFileReference section */
		4A295D262D4506F400376127 /* ContentView.swift */ = {isa = PBXFileReference; lastKnownFileType = sourcecode.swift; path = ContentView.swift; sourceTree = "<group>"; };
		4A295D272D4506F400376127 /* DocumentBrowser.swift */ = {isa = PBXFileReference; lastKnownFileType = sourcecode.swift; path = DocumentBrowser.swift; sourceTree = "<group>"; };
		4A295D282D4506F400376127 /* DocumentPreview.swift */ = {isa = PBXFileReference; lastKnownFileType = sourcecode.swift; path = DocumentPreview.swift; sourceTree = "<group>"; };
		4A295D292D4506F400376127 /* PDFKitRepresentedView.swift */ = {isa = PBXFileReference; lastKnownFileType = sourcecode.swift; path = PDFKitRepresentedView.swift; sourceTree = "<group>"; };
		4A295D2B2D4506F400376127 /* ErrorAlert.swift */ = {isa = PBXFileReference; lastKnownFileType = sourcecode.swift; path = ErrorAlert.swift; sourceTree = "<group>"; };
		4A295D2C2D4506F400376127 /* ExportLogsButton.swift */ = {isa = PBXFileReference; lastKnownFileType = sourcecode.swift; path = ExportLogsButton.swift; sourceTree = "<group>"; };
		4A295D2D2D4506F400376127 /* HandleErrorsByShowingAlertViewModifier.swift */ = {isa = PBXFileReference; lastKnownFileType = sourcecode.swift; path = HandleErrorsByShowingAlertViewModifier.swift; sourceTree = "<group>"; };
		4A295D2E2D4506F400376127 /* LogDisplay.swift */ = {isa = PBXFileReference; lastKnownFileType = sourcecode.swift; path = LogDisplay.swift; sourceTree = "<group>"; };
		4A295D302D4506F400376127 /* ESCLScanner.swift */ = {isa = PBXFileReference; lastKnownFileType = sourcecode.swift; path = ESCLScanner.swift; sourceTree = "<group>"; };
		4A295D322D4506F400376127 /* Capabilities+Mock.swift */ = {isa = PBXFileReference; lastKnownFileType = sourcecode.swift; path = "Capabilities+Mock.swift"; sourceTree = "<group>"; };
		4A295D332D4506F400376127 /* EsclScanner+Mock.swift */ = {isa = PBXFileReference; lastKnownFileType = sourcecode.swift; path = "EsclScanner+Mock.swift"; sourceTree = "<group>"; };
		4A295D342D4506F400376127 /* EsclScannerCapabilities+Mock.swift */ = {isa = PBXFileReference; lastKnownFileType = sourcecode.swift; path = "EsclScannerCapabilities+Mock.swift"; sourceTree = "<group>"; };
		4A295D352D4506F400376127 /* Preview Assets.xcassets */ = {isa = PBXFileReference; lastKnownFileType = folder.assetcatalog; path = "Preview Assets.xcassets"; sourceTree = "<group>"; };
		4A295D362D4506F400376127 /* ScannerBrowser+Mock.swift */ = {isa = PBXFileReference; lastKnownFileType = sourcecode.swift; path = "ScannerBrowser+Mock.swift"; sourceTree = "<group>"; };
		4A295D422D4506F400376127 /* ScannerDetailView.swift */ = {isa = PBXFileReference; lastKnownFileType = sourcecode.swift; path = ScannerDetailView.swift; sourceTree = "<group>"; };
		4A295D472D4506F400376127 /* ScannerBrowserView.swift */ = {isa = PBXFileReference; lastKnownFileType = sourcecode.swift; path = ScannerBrowserView.swift; sourceTree = "<group>"; };
		4A295D482D4506F400376127 /* ScannerListItem.swift */ = {isa = PBXFileReference; lastKnownFileType = sourcecode.swift; path = ScannerListItem.swift; sourceTree = "<group>"; };
		4A295D4A2D4506F400376127 /* TabStateHandler.swift */ = {isa = PBXFileReference; lastKnownFileType = sourcecode.swift; path = TabStateHandler.swift; sourceTree = "<group>"; };
		4A295DB92D45071A00376127 /* OpenAirScanApp.swift */ = {isa = PBXFileReference; lastKnownFileType = sourcecode.swift; path = OpenAirScanApp.swift; sourceTree = "<group>"; };
		4A3486FF2D452CF400E4F9D8 /* PDFDocument.swift */ = {isa = PBXFileReference; lastKnownFileType = sourcecode.swift; path = PDFDocument.swift; sourceTree = "<group>"; };
		4A3487012D45391500E4F9D8 /* Localizable.xcstrings */ = {isa = PBXFileReference; lastKnownFileType = text.json.xcstrings; path = Localizable.xcstrings; sourceTree = "<group>"; };
		4A34871D2D454A5000E4F9D8 /* 1.png */ = {isa = PBXFileReference; lastKnownFileType = image.png; path = 1.png; sourceTree = "<group>"; };
		4A34871E2D454A5000E4F9D8 /* 2.png */ = {isa = PBXFileReference; lastKnownFileType = image.png; path = 2.png; sourceTree = "<group>"; };
		4A34871F2D454A5000E4F9D8 /* 3.png */ = {isa = PBXFileReference; lastKnownFileType = image.png; path = 3.png; sourceTree = "<group>"; };
		4A3487202D454A5000E4F9D8 /* 4.png */ = {isa = PBXFileReference; lastKnownFileType = image.png; path = 4.png; sourceTree = "<group>"; };
		4A645D68289AC05400BE11CB /* Info.plist */ = {isa = PBXFileReference; lastKnownFileType = text.plist; path = Info.plist; sourceTree = "<group>"; };
		4AB17CB928A0011800CBBF73 /* README.md */ = {isa = PBXFileReference; lastKnownFileType = net.daringfireball.markdown; path = README.md; sourceTree = "<group>"; };
		4AB17CCF28A0191C00CBBF73 /* LICENSE */ = {isa = PBXFileReference; lastKnownFileType = text; path = LICENSE; sourceTree = "<group>"; };
		4AF0F6802880011C00088399 /* OpenAirScan.app */ = {isa = PBXFileReference; explicitFileType = wrapper.application; includeInIndex = 0; path = OpenAirScan.app; sourceTree = BUILT_PRODUCTS_DIR; };
		4AF0F6872880011C00088399 /* Assets.xcassets */ = {isa = PBXFileReference; lastKnownFileType = folder.assetcatalog; path = Assets.xcassets; sourceTree = "<group>"; };
		4AF0F6892880011C00088399 /* AirScanTest.entitlements */ = {isa = PBXFileReference; lastKnownFileType = text.plist.entitlements; path = AirScanTest.entitlements; sourceTree = "<group>"; };
/* End PBXFileReference section */

/* Begin PBXFileSystemSynchronizedRootGroup section */
		4AAEA7292D4514F600ADE8E7 /* SubViews */ = {
			isa = PBXFileSystemSynchronizedRootGroup;
			path = SubViews;
			sourceTree = "<group>";
		};
/* End PBXFileSystemSynchronizedRootGroup section */

/* Begin PBXFrameworksBuildPhase section */
		4AF0F67D2880011C00088399 /* Frameworks */ = {
			isa = PBXFrameworksBuildPhase;
			buildActionMask = 2147483647;
			files = (
				4AAEA7282D45148900ADE8E7 /* SwiftESCL in Frameworks */,
			);
			runOnlyForDeploymentPostprocessing = 0;
		};
/* End PBXFrameworksBuildPhase section */

/* Begin PBXGroup section */
		4A295D2A2D4506F400376127 /* Documents */ = {
			isa = PBXGroup;
			children = (
				4A295D272D4506F400376127 /* DocumentBrowser.swift */,
				4A295D282D4506F400376127 /* DocumentPreview.swift */,
				4A295D292D4506F400376127 /* PDFKitRepresentedView.swift */,
			);
			path = Documents;
			sourceTree = "<group>";
		};
		4A295D2F2D4506F400376127 /* ErrorHandler */ = {
			isa = PBXGroup;
			children = (
				4A295D2B2D4506F400376127 /* ErrorAlert.swift */,
				4A295D2C2D4506F400376127 /* ExportLogsButton.swift */,
				4A295D2D2D4506F400376127 /* HandleErrorsByShowingAlertViewModifier.swift */,
				4A295D2E2D4506F400376127 /* LogDisplay.swift */,
			);
			path = ErrorHandler;
			sourceTree = "<group>";
		};
		4A295D312D4506F400376127 /* Extensions */ = {
			isa = PBXGroup;
			children = (
				4A3486FF2D452CF400E4F9D8 /* PDFDocument.swift */,
				4A295D302D4506F400376127 /* ESCLScanner.swift */,
			);
			path = Extensions;
			sourceTree = "<group>";
		};
		4A295D462D4506F400376127 /* ScannerDetailView */ = {
			isa = PBXGroup;
			children = (
				4AAEA7292D4514F600ADE8E7 /* SubViews */,
				4A295D422D4506F400376127 /* ScannerDetailView.swift */,
			);
			path = ScannerDetailView;
			sourceTree = "<group>";
		};
		4A295D492D4506F400376127 /* Scanners */ = {
			isa = PBXGroup;
			children = (
				4A295D472D4506F400376127 /* ScannerBrowserView.swift */,
				4A295D482D4506F400376127 /* ScannerListItem.swift */,
			);
			path = Scanners;
			sourceTree = "<group>";
		};
		4A7310432A6AADF000562A22 /* Frameworks */ = {
			isa = PBXGroup;
			children = (
			);
			name = Frameworks;
			sourceTree = "<group>";
		};
		4AB17CBA28A0029700CBBF73 /* images */ = {
			isa = PBXGroup;
			children = (
				4A34871D2D454A5000E4F9D8 /* 1.png */,
				4A34871E2D454A5000E4F9D8 /* 2.png */,
				4A34871F2D454A5000E4F9D8 /* 3.png */,
				4A3487202D454A5000E4F9D8 /* 4.png */,
			);
			path = images;
			sourceTree = "<group>";
		};
		4AF0F6772880011C00088399 = {
			isa = PBXGroup;
			children = (
				4AB17CB928A0011800CBBF73 /* README.md */,
				4AB17CCF28A0191C00CBBF73 /* LICENSE */,
				4AB17CBA28A0029700CBBF73 /* images */,
				4AF0F6822880011C00088399 /* OpenAirScan */,
				4AF0F6812880011C00088399 /* Products */,
				4A7310432A6AADF000562A22 /* Frameworks */,
			);
			sourceTree = "<group>";
		};
		4AF0F6812880011C00088399 /* Products */ = {
			isa = PBXGroup;
			children = (
				4AF0F6802880011C00088399 /* OpenAirScan.app */,
			);
			name = Products;
			sourceTree = "<group>";
		};
		4AF0F6822880011C00088399 /* OpenAirScan */ = {
			isa = PBXGroup;
			children = (
				4A645D68289AC05400BE11CB /* Info.plist */,
				4A295D262D4506F400376127 /* ContentView.swift */,
				4A3487012D45391500E4F9D8 /* Localizable.xcstrings */,
				4A295DB92D45071A00376127 /* OpenAirScanApp.swift */,
				4A295D2A2D4506F400376127 /* Documents */,
				4A295D2F2D4506F400376127 /* ErrorHandler */,
				4A295D312D4506F400376127 /* Extensions */,
				4A295D462D4506F400376127 /* ScannerDetailView */,
				4A295D492D4506F400376127 /* Scanners */,
				4A295D4A2D4506F400376127 /* TabStateHandler.swift */,
				4AF0F6872880011C00088399 /* Assets.xcassets */,
				4AF0F6892880011C00088399 /* AirScanTest.entitlements */,
				4AF0F68A2880011C00088399 /* Preview Content */,
			);
			path = OpenAirScan;
			sourceTree = "<group>";
		};
		4AF0F68A2880011C00088399 /* Preview Content */ = {
			isa = PBXGroup;
			children = (
				4A295D322D4506F400376127 /* Capabilities+Mock.swift */,
				4A295D332D4506F400376127 /* EsclScanner+Mock.swift */,
				4A295D342D4506F400376127 /* EsclScannerCapabilities+Mock.swift */,
				4A295D352D4506F400376127 /* Preview Assets.xcassets */,
				4A295D362D4506F400376127 /* ScannerBrowser+Mock.swift */,
			);
			path = "Preview Content";
			sourceTree = "<group>";
		};
/* End PBXGroup section */

/* Begin PBXNativeTarget section */
		4AF0F67F2880011C00088399 /* OpenAirScan */ = {
			isa = PBXNativeTarget;
			buildConfigurationList = 4AF0F68F2880011C00088399 /* Build configuration list for PBXNativeTarget "OpenAirScan" */;
			buildPhases = (
				4AF0F67C2880011C00088399 /* Sources */,
				4AF0F67D2880011C00088399 /* Frameworks */,
				4AF0F67E2880011C00088399 /* Resources */,
			);
			buildRules = (
			);
			dependencies = (
			);
			fileSystemSynchronizedGroups = (
				4AAEA7292D4514F600ADE8E7 /* SubViews */,
			);
			name = OpenAirScan;
			packageProductDependencies = (
				4AAEA7272D45148900ADE8E7 /* SwiftESCL */,
			);
			productName = AirScanTest;
			productReference = 4AF0F6802880011C00088399 /* OpenAirScan.app */;
			productType = "com.apple.product-type.application";
		};
/* End PBXNativeTarget section */

/* Begin PBXProject section */
		4AF0F6782880011C00088399 /* Project object */ = {
			isa = PBXProject;
			attributes = {
				BuildIndependentTargetsInParallel = 1;
				LastSwiftUpdateCheck = 1400;
				LastUpgradeCheck = 1620;
				TargetAttributes = {
					4AF0F67F2880011C00088399 = {
						CreatedOnToolsVersion = 14.0;
					};
				};
			};
			buildConfigurationList = 4AF0F67B2880011C00088399 /* Build configuration list for PBXProject "OpenAirScan" */;
			developmentRegion = en;
			hasScannedForEncodings = 0;
			knownRegions = (
				en,
				Base,
				de,
			);
			mainGroup = 4AF0F6772880011C00088399;
			packageReferences = (
				4AAEA7262D45148900ADE8E7 /* XCRemoteSwiftPackageReference "SwiftESCL" */,
			);
			preferredProjectObjectVersion = 77;
			productRefGroup = 4AF0F6812880011C00088399 /* Products */;
			projectDirPath = "";
			projectRoot = "";
			targets = (
				4AF0F67F2880011C00088399 /* OpenAirScan */,
			);
		};
/* End PBXProject section */

/* Begin PBXResourcesBuildPhase section */
		4AF0F67E2880011C00088399 /* Resources */ = {
			isa = PBXResourcesBuildPhase;
			buildActionMask = 2147483647;
			files = (
				4A295D692D4506F400376127 /* Preview Assets.xcassets in Resources */,
				4AB17CD028A0191C00CBBF73 /* LICENSE in Resources */,
				4A3487022D45391500E4F9D8 /* Localizable.xcstrings in Resources */,
				4A3487212D454A5000E4F9D8 /* 2.png in Resources */,
				4A3487222D454A5000E4F9D8 /* 1.png in Resources */,
				4A3487232D454A5000E4F9D8 /* 4.png in Resources */,
				4A3487242D454A5000E4F9D8 /* 3.png in Resources */,
				4AF0F6882880011C00088399 /* Assets.xcassets in Resources */,
			);
			runOnlyForDeploymentPostprocessing = 0;
		};
/* End PBXResourcesBuildPhase section */

/* Begin PBXSourcesBuildPhase section */
		4AF0F67C2880011C00088399 /* Sources */ = {
			isa = PBXSourcesBuildPhase;
			buildActionMask = 2147483647;
			files = (
				4A295D4C2D4506F400376127 /* ScannerBrowser+Mock.swift in Sources */,
				4A295D502D4506F400376127 /* DocumentBrowser.swift in Sources */,
				4A295D512D4506F400376127 /* ESCLScanner.swift in Sources */,
				4A3487002D452CF600E4F9D8 /* PDFDocument.swift in Sources */,
				4A295D522D4506F400376127 /* HandleErrorsByShowingAlertViewModifier.swift in Sources */,
				4A295D532D4506F400376127 /* LogDisplay.swift in Sources */,
				4A295D542D4506F400376127 /* TabStateHandler.swift in Sources */,
				4A295D552D4506F400376127 /* ScannerListItem.swift in Sources */,
				4A295D572D4506F400376127 /* EsclScanner+Mock.swift in Sources */,
				4A295D582D4506F400376127 /* PDFKitRepresentedView.swift in Sources */,
				4A295D5A2D4506F400376127 /* ErrorAlert.swift in Sources */,
				4A295D5B2D4506F400376127 /* EsclScannerCapabilities+Mock.swift in Sources */,
				4A295D5D2D4506F400376127 /* ContentView.swift in Sources */,
				4A295D5F2D4506F400376127 /* ExportLogsButton.swift in Sources */,
				4A295D612D4506F400376127 /* Capabilities+Mock.swift in Sources */,
				4A295D642D4506F400376127 /* ScannerBrowserView.swift in Sources */,
				4A295DBA2D45071A00376127 /* OpenAirScanApp.swift in Sources */,
				4A295D652D4506F400376127 /* DocumentPreview.swift in Sources */,
				4A295D662D4506F400376127 /* ScannerDetailView.swift in Sources */,
			);
			runOnlyForDeploymentPostprocessing = 0;
		};
/* End PBXSourcesBuildPhase section */

/* Begin XCBuildConfiguration section */
		4AF0F68D2880011C00088399 /* Debug */ = {
			isa = XCBuildConfiguration;
			buildSettings = {
				ALWAYS_SEARCH_USER_PATHS = NO;
				ASSETCATALOG_COMPILER_GENERATE_SWIFT_ASSET_SYMBOL_EXTENSIONS = YES;
				CLANG_ANALYZER_NONNULL = YES;
				CLANG_ANALYZER_NUMBER_OBJECT_CONVERSION = YES_AGGRESSIVE;
				CLANG_CXX_LANGUAGE_STANDARD = "gnu++17";
				CLANG_ENABLE_MODULES = YES;
				CLANG_ENABLE_OBJC_ARC = YES;
				CLANG_ENABLE_OBJC_WEAK = YES;
				CLANG_WARN_BLOCK_CAPTURE_AUTORELEASING = YES;
				CLANG_WARN_BOOL_CONVERSION = YES;
				CLANG_WARN_COMMA = YES;
				CLANG_WARN_CONSTANT_CONVERSION = YES;
				CLANG_WARN_DEPRECATED_OBJC_IMPLEMENTATIONS = YES;
				CLANG_WARN_DIRECT_OBJC_ISA_USAGE = YES_ERROR;
				CLANG_WARN_DOCUMENTATION_COMMENTS = YES;
				CLANG_WARN_EMPTY_BODY = YES;
				CLANG_WARN_ENUM_CONVERSION = YES;
				CLANG_WARN_INFINITE_RECURSION = YES;
				CLANG_WARN_INT_CONVERSION = YES;
				CLANG_WARN_NON_LITERAL_NULL_CONVERSION = YES;
				CLANG_WARN_OBJC_IMPLICIT_RETAIN_SELF = YES;
				CLANG_WARN_OBJC_LITERAL_CONVERSION = YES;
				CLANG_WARN_OBJC_ROOT_CLASS = YES_ERROR;
				CLANG_WARN_QUOTED_INCLUDE_IN_FRAMEWORK_HEADER = YES;
				CLANG_WARN_RANGE_LOOP_ANALYSIS = YES;
				CLANG_WARN_STRICT_PROTOTYPES = YES;
				CLANG_WARN_SUSPICIOUS_MOVE = YES;
				CLANG_WARN_UNGUARDED_AVAILABILITY = YES_AGGRESSIVE;
				CLANG_WARN_UNREACHABLE_CODE = YES;
				CLANG_WARN__DUPLICATE_METHOD_MATCH = YES;
				COPY_PHASE_STRIP = NO;
				DEAD_CODE_STRIPPING = YES;
				DEBUG_INFORMATION_FORMAT = dwarf;
				ENABLE_STRICT_OBJC_MSGSEND = YES;
				ENABLE_TESTABILITY = YES;
				ENABLE_USER_SCRIPT_SANDBOXING = YES;
				GCC_C_LANGUAGE_STANDARD = gnu11;
				GCC_DYNAMIC_NO_PIC = NO;
				GCC_NO_COMMON_BLOCKS = YES;
				GCC_OPTIMIZATION_LEVEL = 0;
				GCC_PREPROCESSOR_DEFINITIONS = (
					"DEBUG=1",
					"$(inherited)",
				);
				GCC_WARN_64_TO_32_BIT_CONVERSION = YES;
				GCC_WARN_ABOUT_RETURN_TYPE = YES_ERROR;
				GCC_WARN_UNDECLARED_SELECTOR = YES;
				GCC_WARN_UNINITIALIZED_AUTOS = YES_AGGRESSIVE;
				GCC_WARN_UNUSED_FUNCTION = YES;
				GCC_WARN_UNUSED_VARIABLE = YES;
				MTL_ENABLE_DEBUG_INFO = INCLUDE_SOURCE;
				MTL_FAST_MATH = YES;
				ONLY_ACTIVE_ARCH = YES;
				SWIFT_ACTIVE_COMPILATION_CONDITIONS = DEBUG;
				SWIFT_EMIT_LOC_STRINGS = YES;
				SWIFT_OPTIMIZATION_LEVEL = "-Onone";
			};
			name = Debug;
		};
		4AF0F68E2880011C00088399 /* Release */ = {
			isa = XCBuildConfiguration;
			buildSettings = {
				ALWAYS_SEARCH_USER_PATHS = NO;
				ASSETCATALOG_COMPILER_GENERATE_SWIFT_ASSET_SYMBOL_EXTENSIONS = YES;
				CLANG_ANALYZER_NONNULL = YES;
				CLANG_ANALYZER_NUMBER_OBJECT_CONVERSION = YES_AGGRESSIVE;
				CLANG_CXX_LANGUAGE_STANDARD = "gnu++17";
				CLANG_ENABLE_MODULES = YES;
				CLANG_ENABLE_OBJC_ARC = YES;
				CLANG_ENABLE_OBJC_WEAK = YES;
				CLANG_WARN_BLOCK_CAPTURE_AUTORELEASING = YES;
				CLANG_WARN_BOOL_CONVERSION = YES;
				CLANG_WARN_COMMA = YES;
				CLANG_WARN_CONSTANT_CONVERSION = YES;
				CLANG_WARN_DEPRECATED_OBJC_IMPLEMENTATIONS = YES;
				CLANG_WARN_DIRECT_OBJC_ISA_USAGE = YES_ERROR;
				CLANG_WARN_DOCUMENTATION_COMMENTS = YES;
				CLANG_WARN_EMPTY_BODY = YES;
				CLANG_WARN_ENUM_CONVERSION = YES;
				CLANG_WARN_INFINITE_RECURSION = YES;
				CLANG_WARN_INT_CONVERSION = YES;
				CLANG_WARN_NON_LITERAL_NULL_CONVERSION = YES;
				CLANG_WARN_OBJC_IMPLICIT_RETAIN_SELF = YES;
				CLANG_WARN_OBJC_LITERAL_CONVERSION = YES;
				CLANG_WARN_OBJC_ROOT_CLASS = YES_ERROR;
				CLANG_WARN_QUOTED_INCLUDE_IN_FRAMEWORK_HEADER = YES;
				CLANG_WARN_RANGE_LOOP_ANALYSIS = YES;
				CLANG_WARN_STRICT_PROTOTYPES = YES;
				CLANG_WARN_SUSPICIOUS_MOVE = YES;
				CLANG_WARN_UNGUARDED_AVAILABILITY = YES_AGGRESSIVE;
				CLANG_WARN_UNREACHABLE_CODE = YES;
				CLANG_WARN__DUPLICATE_METHOD_MATCH = YES;
				COPY_PHASE_STRIP = NO;
				DEAD_CODE_STRIPPING = YES;
				DEBUG_INFORMATION_FORMAT = "dwarf-with-dsym";
				ENABLE_NS_ASSERTIONS = NO;
				ENABLE_STRICT_OBJC_MSGSEND = YES;
				ENABLE_USER_SCRIPT_SANDBOXING = YES;
				GCC_C_LANGUAGE_STANDARD = gnu11;
				GCC_NO_COMMON_BLOCKS = YES;
				GCC_WARN_64_TO_32_BIT_CONVERSION = YES;
				GCC_WARN_ABOUT_RETURN_TYPE = YES_ERROR;
				GCC_WARN_UNDECLARED_SELECTOR = YES;
				GCC_WARN_UNINITIALIZED_AUTOS = YES_AGGRESSIVE;
				GCC_WARN_UNUSED_FUNCTION = YES;
				GCC_WARN_UNUSED_VARIABLE = YES;
				MTL_ENABLE_DEBUG_INFO = NO;
				MTL_FAST_MATH = YES;
				SWIFT_COMPILATION_MODE = wholemodule;
				SWIFT_EMIT_LOC_STRINGS = YES;
				SWIFT_OPTIMIZATION_LEVEL = "-O";
			};
			name = Release;
		};
		4AF0F6902880011C00088399 /* Debug */ = {
			isa = XCBuildConfiguration;
			buildSettings = {
				ASSETCATALOG_COMPILER_APPICON_NAME = AppIcon;
				ASSETCATALOG_COMPILER_GLOBAL_ACCENT_COLOR_NAME = AccentColor;
				ASSETCATALOG_COMPILER_INCLUDE_ALL_APPICON_ASSETS = NO;
				CODE_SIGN_ENTITLEMENTS = OpenAirScan/AirScanTest.entitlements;
				"CODE_SIGN_IDENTITY[sdk=macosx*]" = "Apple Development";
				CODE_SIGN_STYLE = Automatic;
				CURRENT_PROJECT_VERSION = 1;
				DEAD_CODE_STRIPPING = YES;
				DEVELOPMENT_ASSET_PATHS = "\"OpenAirScan/Preview Content\"";
				DEVELOPMENT_TEAM = 28KGVFV686;
				ENABLE_HARDENED_RUNTIME = YES;
				ENABLE_PREVIEWS = YES;
				GENERATE_INFOPLIST_FILE = YES;
				INFOPLIST_FILE = OpenAirScan/Info.plist;
				INFOPLIST_KEY_CFBundleDisplayName = OpenAirScan;
				INFOPLIST_KEY_LSApplicationCategoryType = "public.app-category.productivity";
				INFOPLIST_KEY_LSSupportsOpeningDocumentsInPlace = YES;
				INFOPLIST_KEY_NSLocalNetworkUsageDescription = "Access to your local network is required for scanner discovery.";
				"INFOPLIST_KEY_UILaunchScreen_Generation[sdk=iphoneos*]" = YES;
				"INFOPLIST_KEY_UILaunchScreen_Generation[sdk=iphonesimulator*]" = YES;
				INFOPLIST_KEY_UIStatusBarStyle = "";
				INFOPLIST_KEY_UISupportedInterfaceOrientations = UIInterfaceOrientationPortrait;
				INFOPLIST_KEY_UISupportedInterfaceOrientations_iPad = "UIInterfaceOrientationLandscapeLeft UIInterfaceOrientationLandscapeRight UIInterfaceOrientationPortrait UIInterfaceOrientationPortraitUpsideDown";
				IPHONEOS_DEPLOYMENT_TARGET = 16.0;
				LD_RUNPATH_SEARCH_PATHS = "@executable_path/Frameworks";
				"LD_RUNPATH_SEARCH_PATHS[sdk=macosx*]" = "@executable_path/../Frameworks";
				MACOSX_DEPLOYMENT_TARGET = 12.0;
				MARKETING_VERSION = 2.0.0;
				PRODUCT_BUNDLE_IDENTIFIER = me.wehrfritz.OpenAirScan;
				PRODUCT_NAME = "$(TARGET_NAME)";
				SDKROOT = auto;
				SUPPORTED_PLATFORMS = "iphoneos iphonesimulator";
				SUPPORTS_MACCATALYST = NO;
				SUPPORTS_MAC_DESIGNED_FOR_IPHONE_IPAD = NO;
				SWIFT_EMIT_LOC_STRINGS = YES;
				SWIFT_VERSION = 5.0;
				TARGETED_DEVICE_FAMILY = "1,2";
			};
			name = Debug;
		};
		4AF0F6912880011C00088399 /* Release */ = {
			isa = XCBuildConfiguration;
			buildSettings = {
				ASSETCATALOG_COMPILER_APPICON_NAME = AppIcon;
				ASSETCATALOG_COMPILER_GLOBAL_ACCENT_COLOR_NAME = AccentColor;
				ASSETCATALOG_COMPILER_INCLUDE_ALL_APPICON_ASSETS = NO;
				CODE_SIGN_ENTITLEMENTS = OpenAirScan/AirScanTest.entitlements;
				"CODE_SIGN_IDENTITY[sdk=macosx*]" = "Apple Development";
				CODE_SIGN_STYLE = Automatic;
				CURRENT_PROJECT_VERSION = 1;
				DEAD_CODE_STRIPPING = YES;
				DEVELOPMENT_ASSET_PATHS = "\"OpenAirScan/Preview Content\"";
				DEVELOPMENT_TEAM = 28KGVFV686;
				ENABLE_HARDENED_RUNTIME = YES;
				ENABLE_PREVIEWS = YES;
				GENERATE_INFOPLIST_FILE = YES;
				INFOPLIST_FILE = OpenAirScan/Info.plist;
				INFOPLIST_KEY_CFBundleDisplayName = OpenAirScan;
				INFOPLIST_KEY_LSApplicationCategoryType = "public.app-category.productivity";
				INFOPLIST_KEY_LSSupportsOpeningDocumentsInPlace = YES;
				INFOPLIST_KEY_NSLocalNetworkUsageDescription = "Access to your local network is required for scanner discovery.";
				"INFOPLIST_KEY_UILaunchScreen_Generation[sdk=iphoneos*]" = YES;
				"INFOPLIST_KEY_UILaunchScreen_Generation[sdk=iphonesimulator*]" = YES;
				INFOPLIST_KEY_UIStatusBarStyle = "";
				INFOPLIST_KEY_UISupportedInterfaceOrientations = UIInterfaceOrientationPortrait;
				INFOPLIST_KEY_UISupportedInterfaceOrientations_iPad = "UIInterfaceOrientationLandscapeLeft UIInterfaceOrientationLandscapeRight UIInterfaceOrientationPortrait UIInterfaceOrientationPortraitUpsideDown";
				IPHONEOS_DEPLOYMENT_TARGET = 16.0;
				LD_RUNPATH_SEARCH_PATHS = "@executable_path/Frameworks";
				"LD_RUNPATH_SEARCH_PATHS[sdk=macosx*]" = "@executable_path/../Frameworks";
				MACOSX_DEPLOYMENT_TARGET = 12.0;
				MARKETING_VERSION = 2.0.0;
				PRODUCT_BUNDLE_IDENTIFIER = me.wehrfritz.OpenAirScan;
				PRODUCT_NAME = "$(TARGET_NAME)";
				SDKROOT = auto;
				SUPPORTED_PLATFORMS = "iphoneos iphonesimulator";
				SUPPORTS_MACCATALYST = NO;
				SUPPORTS_MAC_DESIGNED_FOR_IPHONE_IPAD = NO;
				SWIFT_EMIT_LOC_STRINGS = YES;
				SWIFT_VERSION = 5.0;
				TARGETED_DEVICE_FAMILY = "1,2";
			};
			name = Release;
		};
/* End XCBuildConfiguration section */

/* Begin XCConfigurationList section */
		4AF0F67B2880011C00088399 /* Build configuration list for PBXProject "OpenAirScan" */ = {
			isa = XCConfigurationList;
			buildConfigurations = (
				4AF0F68D2880011C00088399 /* Debug */,
				4AF0F68E2880011C00088399 /* Release */,
			);
			defaultConfigurationIsVisible = 0;
			defaultConfigurationName = Release;
		};
		4AF0F68F2880011C00088399 /* Build configuration list for PBXNativeTarget "OpenAirScan" */ = {
			isa = XCConfigurationList;
			buildConfigurations = (
				4AF0F6902880011C00088399 /* Debug */,
				4AF0F6912880011C00088399 /* Release */,
			);
			defaultConfigurationIsVisible = 0;
			defaultConfigurationName = Release;
		};
/* End XCConfigurationList section */

/* Begin XCRemoteSwiftPackageReference section */
		4AAEA7262D45148900ADE8E7 /* XCRemoteSwiftPackageReference "SwiftESCL" */ = {
			isa = XCRemoteSwiftPackageReference;
			repositoryURL = "https://github.com/LeoKlaus/SwiftESCL";
			requirement = {
				kind = upToNextMajorVersion;
				minimumVersion = 3.0.0;
			};
		};
/* End XCRemoteSwiftPackageReference section */

/* Begin XCSwiftPackageProductDependency section */
		4AAEA7272D45148900ADE8E7 /* SwiftESCL */ = {
			isa = XCSwiftPackageProductDependency;
			package = 4AAEA7262D45148900ADE8E7 /* XCRemoteSwiftPackageReference "SwiftESCL" */;
			productName = SwiftESCL;
		};
/* End XCSwiftPackageProductDependency section */
	};
	rootObject = 4AF0F6782880011C00088399 /* Project object */;
}
