// !$*UTF8*$!
{
	archiveVersion = 1;
	classes = {
	};
	objectVersion = 56;
	objects = {

/* Begin PBXBuildFile section */
		4A645D63289AB4D900BE11CB /* SelectSettings.swift in Sources */ = {isa = PBXBuildFile; fileRef = 4A645D62289AB4D900BE11CB /* SelectSettings.swift */; };
		4A645D67289ABCD500BE11CB /* DiscoverDevices.swift in Sources */ = {isa = PBXBuildFile; fileRef = 4A645D66289ABCD500BE11CB /* DiscoverDevices.swift */; };
		4A6F6E8028AB9207004C71B2 /* 2.png in Resources */ = {isa = PBXBuildFile; fileRef = 4A6F6E7F28AB9207004C71B2 /* 2.png */; };
		4A7310452A6AADF000562A22 /* SwiftESCL in Frameworks */ = {isa = PBXBuildFile; productRef = 4A7310442A6AADF000562A22 /* SwiftESCL */; };
		4A74B119289E5A8200BCB17F /* DocumentBrowser.swift in Sources */ = {isa = PBXBuildFile; fileRef = 4A74B118289E5A8200BCB17F /* DocumentBrowser.swift */; };
		4A74B11B289E5FBC00BCB17F /* DocumentPreview.swift in Sources */ = {isa = PBXBuildFile; fileRef = 4A74B11A289E5FBC00BCB17F /* DocumentPreview.swift */; };
		4A74B11D289E602800BCB17F /* PDFKitRepresentedView.swift in Sources */ = {isa = PBXBuildFile; fileRef = 4A74B11C289E602800BCB17F /* PDFKitRepresentedView.swift */; };
		4A74B11F289E81ED00BCB17F /* ActivityViewHandler.swift in Sources */ = {isa = PBXBuildFile; fileRef = 4A74B11E289E81ED00BCB17F /* ActivityViewHandler.swift */; };
		4A74B121289E94F500BCB17F /* LoadingOverlay.swift in Sources */ = {isa = PBXBuildFile; fileRef = 4A74B120289E94F500BCB17F /* LoadingOverlay.swift */; };
		4A96BD7E28BE119100CF9963 /* PDFDocument.swift in Sources */ = {isa = PBXBuildFile; fileRef = 4A96BD7D28BE119100CF9963 /* PDFDocument.swift */; };
		4A97B2752A6A9EC800634B29 /* LogDisplay.swift in Sources */ = {isa = PBXBuildFile; fileRef = 4A97B2742A6A9EC800634B29 /* LogDisplay.swift */; };
		4AB17CCC28A015C100CBBF73 /* 1.png in Resources */ = {isa = PBXBuildFile; fileRef = 4AB17CC928A015C100CBBF73 /* 1.png */; };
		4AB17CCD28A015C100CBBF73 /* 4.png in Resources */ = {isa = PBXBuildFile; fileRef = 4AB17CCA28A015C100CBBF73 /* 4.png */; };
		4AB17CCE28A015C100CBBF73 /* 3.png in Resources */ = {isa = PBXBuildFile; fileRef = 4AB17CCB28A015C100CBBF73 /* 3.png */; };
		4AB17CD028A0191C00CBBF73 /* LICENSE in Resources */ = {isa = PBXBuildFile; fileRef = 4AB17CCF28A0191C00CBBF73 /* LICENSE */; };
		4AB7BB9328A6357D0051A291 /* QuickScan.swift in Sources */ = {isa = PBXBuildFile; fileRef = 4AB7BB9228A6357D0051A291 /* QuickScan.swift */; };
		4AF0F6842880011C00088399 /* OpenAirScanApp.swift in Sources */ = {isa = PBXBuildFile; fileRef = 4AF0F6832880011C00088399 /* OpenAirScanApp.swift */; };
		4AF0F6862880011C00088399 /* ContentView.swift in Sources */ = {isa = PBXBuildFile; fileRef = 4AF0F6852880011C00088399 /* ContentView.swift */; };
		4AF0F6882880011C00088399 /* Assets.xcassets in Resources */ = {isa = PBXBuildFile; fileRef = 4AF0F6872880011C00088399 /* Assets.xcassets */; };
		4AF0F68C2880011C00088399 /* Preview Assets.xcassets in Resources */ = {isa = PBXBuildFile; fileRef = 4AF0F68B2880011C00088399 /* Preview Assets.xcassets */; };
		4AF472E1289BDF9300DD7C5C /* ScannerListItem.swift in Sources */ = {isa = PBXBuildFile; fileRef = 4AF472E0289BDF9300DD7C5C /* ScannerListItem.swift */; };
/* End PBXBuildFile section */

/* Begin PBXFileReference section */
		4A645D62289AB4D900BE11CB /* SelectSettings.swift */ = {isa = PBXFileReference; lastKnownFileType = sourcecode.swift; path = SelectSettings.swift; sourceTree = "<group>"; };
		4A645D66289ABCD500BE11CB /* DiscoverDevices.swift */ = {isa = PBXFileReference; lastKnownFileType = sourcecode.swift; path = DiscoverDevices.swift; sourceTree = "<group>"; };
		4A645D68289AC05400BE11CB /* Info.plist */ = {isa = PBXFileReference; lastKnownFileType = text.plist; path = Info.plist; sourceTree = "<group>"; };
		4A6F6E7F28AB9207004C71B2 /* 2.png */ = {isa = PBXFileReference; lastKnownFileType = image.png; path = 2.png; sourceTree = "<group>"; };
		4A74B118289E5A8200BCB17F /* DocumentBrowser.swift */ = {isa = PBXFileReference; lastKnownFileType = sourcecode.swift; path = DocumentBrowser.swift; sourceTree = "<group>"; };
		4A74B11A289E5FBC00BCB17F /* DocumentPreview.swift */ = {isa = PBXFileReference; lastKnownFileType = sourcecode.swift; path = DocumentPreview.swift; sourceTree = "<group>"; };
		4A74B11C289E602800BCB17F /* PDFKitRepresentedView.swift */ = {isa = PBXFileReference; fileEncoding = 4; lastKnownFileType = sourcecode.swift; path = PDFKitRepresentedView.swift; sourceTree = "<group>"; };
		4A74B11E289E81ED00BCB17F /* ActivityViewHandler.swift */ = {isa = PBXFileReference; fileEncoding = 4; lastKnownFileType = sourcecode.swift; path = ActivityViewHandler.swift; sourceTree = "<group>"; };
		4A74B120289E94F500BCB17F /* LoadingOverlay.swift */ = {isa = PBXFileReference; fileEncoding = 4; lastKnownFileType = sourcecode.swift; path = LoadingOverlay.swift; sourceTree = "<group>"; };
		4A96BD7D28BE119100CF9963 /* PDFDocument.swift */ = {isa = PBXFileReference; lastKnownFileType = sourcecode.swift; path = PDFDocument.swift; sourceTree = "<group>"; };
		4A97B2742A6A9EC800634B29 /* LogDisplay.swift */ = {isa = PBXFileReference; lastKnownFileType = sourcecode.swift; path = LogDisplay.swift; sourceTree = "<group>"; };
		4AB17CB928A0011800CBBF73 /* README.md */ = {isa = PBXFileReference; lastKnownFileType = net.daringfireball.markdown; path = README.md; sourceTree = "<group>"; };
		4AB17CC928A015C100CBBF73 /* 1.png */ = {isa = PBXFileReference; lastKnownFileType = image.png; path = 1.png; sourceTree = "<group>"; };
		4AB17CCA28A015C100CBBF73 /* 4.png */ = {isa = PBXFileReference; lastKnownFileType = image.png; path = 4.png; sourceTree = "<group>"; };
		4AB17CCB28A015C100CBBF73 /* 3.png */ = {isa = PBXFileReference; lastKnownFileType = image.png; path = 3.png; sourceTree = "<group>"; };
		4AB17CCF28A0191C00CBBF73 /* LICENSE */ = {isa = PBXFileReference; lastKnownFileType = text; path = LICENSE; sourceTree = "<group>"; };
		4AB7BB9228A6357D0051A291 /* QuickScan.swift */ = {isa = PBXFileReference; lastKnownFileType = sourcecode.swift; path = QuickScan.swift; sourceTree = "<group>"; };
		4AF0F6802880011C00088399 /* OpenAirScan.app */ = {isa = PBXFileReference; explicitFileType = wrapper.application; includeInIndex = 0; path = OpenAirScan.app; sourceTree = BUILT_PRODUCTS_DIR; };
		4AF0F6832880011C00088399 /* OpenAirScanApp.swift */ = {isa = PBXFileReference; lastKnownFileType = sourcecode.swift; path = OpenAirScanApp.swift; sourceTree = "<group>"; };
		4AF0F6852880011C00088399 /* ContentView.swift */ = {isa = PBXFileReference; lastKnownFileType = sourcecode.swift; path = ContentView.swift; sourceTree = "<group>"; };
		4AF0F6872880011C00088399 /* Assets.xcassets */ = {isa = PBXFileReference; lastKnownFileType = folder.assetcatalog; path = Assets.xcassets; sourceTree = "<group>"; };
		4AF0F6892880011C00088399 /* AirScanTest.entitlements */ = {isa = PBXFileReference; lastKnownFileType = text.plist.entitlements; path = AirScanTest.entitlements; sourceTree = "<group>"; };
		4AF0F68B2880011C00088399 /* Preview Assets.xcassets */ = {isa = PBXFileReference; lastKnownFileType = folder.assetcatalog; path = "Preview Assets.xcassets"; sourceTree = "<group>"; };
		4AF472E0289BDF9300DD7C5C /* ScannerListItem.swift */ = {isa = PBXFileReference; lastKnownFileType = sourcecode.swift; path = ScannerListItem.swift; sourceTree = "<group>"; };
/* End PBXFileReference section */

/* Begin PBXFrameworksBuildPhase section */
		4AF0F67D2880011C00088399 /* Frameworks */ = {
			isa = PBXFrameworksBuildPhase;
			buildActionMask = 2147483647;
			files = (
				4A7310452A6AADF000562A22 /* SwiftESCL in Frameworks */,
			);
			runOnlyForDeploymentPostprocessing = 0;
		};
/* End PBXFrameworksBuildPhase section */

/* Begin PBXGroup section */
		4A7310432A6AADF000562A22 /* Frameworks */ = {
			isa = PBXGroup;
			children = (
			);
			name = Frameworks;
			sourceTree = "<group>";
		};
		4A86A76528A2812E0081F082 /* Packages */ = {
			isa = PBXGroup;
			children = (
			);
			name = Packages;
			sourceTree = "<group>";
		};
		4A96BD7C28BE116900CF9963 /* Extensions */ = {
			isa = PBXGroup;
			children = (
				4A96BD7D28BE119100CF9963 /* PDFDocument.swift */,
			);
			path = Extensions;
			sourceTree = "<group>";
		};
		4AB17CB4289FDFD400CBBF73 /* Views */ = {
			isa = PBXGroup;
			children = (
				4AF0F6852880011C00088399 /* ContentView.swift */,
				4A645D66289ABCD500BE11CB /* DiscoverDevices.swift */,
				4A645D62289AB4D900BE11CB /* SelectSettings.swift */,
				4AB7BB9228A6357D0051A291 /* QuickScan.swift */,
				4A74B118289E5A8200BCB17F /* DocumentBrowser.swift */,
				4A74B11A289E5FBC00BCB17F /* DocumentPreview.swift */,
			);
			path = Views;
			sourceTree = "<group>";
		};
		4AB17CB6289FDFE800CBBF73 /* Subviews */ = {
			isa = PBXGroup;
			children = (
				4A74B11E289E81ED00BCB17F /* ActivityViewHandler.swift */,
				4A74B11C289E602800BCB17F /* PDFKitRepresentedView.swift */,
				4A74B120289E94F500BCB17F /* LoadingOverlay.swift */,
				4AF472E0289BDF9300DD7C5C /* ScannerListItem.swift */,
				4A97B2742A6A9EC800634B29 /* LogDisplay.swift */,
			);
			path = Subviews;
			sourceTree = "<group>";
		};
		4AB17CBA28A0029700CBBF73 /* images */ = {
			isa = PBXGroup;
			children = (
				4AB17CC928A015C100CBBF73 /* 1.png */,
				4A6F6E7F28AB9207004C71B2 /* 2.png */,
				4AB17CCB28A015C100CBBF73 /* 3.png */,
				4AB17CCA28A015C100CBBF73 /* 4.png */,
			);
			path = images;
			sourceTree = "<group>";
		};
		4AF0F6772880011C00088399 = {
			isa = PBXGroup;
			children = (
				4A86A76528A2812E0081F082 /* Packages */,
				4AB17CB928A0011800CBBF73 /* README.md */,
				4AB17CCF28A0191C00CBBF73 /* LICENSE */,
				4AB17CBA28A0029700CBBF73 /* images */,
				4AF0F6822880011C00088399 /* OpenAirScan */,
				4AF0F6812880011C00088399 /* Products */,
				4A7310432A6AADF000562A22 /* Frameworks */,
			);
			sourceTree = "<group>";
		};
		4AF0F6812880011C00088399 /* Products */ = {
			isa = PBXGroup;
			children = (
				4AF0F6802880011C00088399 /* OpenAirScan.app */,
			);
			name = Products;
			sourceTree = "<group>";
		};
		4AF0F6822880011C00088399 /* OpenAirScan */ = {
			isa = PBXGroup;
			children = (
				4A645D68289AC05400BE11CB /* Info.plist */,
				4AF0F6832880011C00088399 /* OpenAirScanApp.swift */,
				4AB17CB4289FDFD400CBBF73 /* Views */,
				4AB17CB6289FDFE800CBBF73 /* Subviews */,
				4A96BD7C28BE116900CF9963 /* Extensions */,
				4AF0F6872880011C00088399 /* Assets.xcassets */,
				4AF0F6892880011C00088399 /* AirScanTest.entitlements */,
				4AF0F68A2880011C00088399 /* Preview Content */,
			);
			path = OpenAirScan;
			sourceTree = "<group>";
		};
		4AF0F68A2880011C00088399 /* Preview Content */ = {
			isa = PBXGroup;
			children = (
				4AF0F68B2880011C00088399 /* Preview Assets.xcassets */,
			);
			path = "Preview Content";
			sourceTree = "<group>";
		};
/* End PBXGroup section */

/* Begin PBXNativeTarget section */
		4AF0F67F2880011C00088399 /* OpenAirScan */ = {
			isa = PBXNativeTarget;
			buildConfigurationList = 4AF0F68F2880011C00088399 /* Build configuration list for PBXNativeTarget "OpenAirScan" */;
			buildPhases = (
				4AF0F67C2880011C00088399 /* Sources */,
				4AF0F67D2880011C00088399 /* Frameworks */,
				4AF0F67E2880011C00088399 /* Resources */,
			);
			buildRules = (
			);
			dependencies = (
			);
			name = OpenAirScan;
			packageProductDependencies = (
				4A7310442A6AADF000562A22 /* SwiftESCL */,
			);
			productName = AirScanTest;
			productReference = 4AF0F6802880011C00088399 /* OpenAirScan.app */;
			productType = "com.apple.product-type.application";
		};
/* End PBXNativeTarget section */

/* Begin PBXProject section */
		4AF0F6782880011C00088399 /* Project object */ = {
			isa = PBXProject;
			attributes = {
				BuildIndependentTargetsInParallel = 1;
				LastSwiftUpdateCheck = 1400;
				LastUpgradeCheck = 1500;
				TargetAttributes = {
					4AF0F67F2880011C00088399 = {
						CreatedOnToolsVersion = 14.0;
					};
				};
			};
			buildConfigurationList = 4AF0F67B2880011C00088399 /* Build configuration list for PBXProject "OpenAirScan" */;
			compatibilityVersion = "Xcode 14.0";
			developmentRegion = en;
			hasScannedForEncodings = 0;
			knownRegions = (
				en,
				Base,
			);
			mainGroup = 4AF0F6772880011C00088399;
			packageReferences = (
				4A97B2792A6AAC9300634B29 /* XCRemoteSwiftPackageReference "SwiftESCL" */,
			);
			productRefGroup = 4AF0F6812880011C00088399 /* Products */;
			projectDirPath = "";
			projectRoot = "";
			targets = (
				4AF0F67F2880011C00088399 /* OpenAirScan */,
			);
		};
/* End PBXProject section */

/* Begin PBXResourcesBuildPhase section */
		4AF0F67E2880011C00088399 /* Resources */ = {
			isa = PBXResourcesBuildPhase;
			buildActionMask = 2147483647;
			files = (
				4AB17CD028A0191C00CBBF73 /* LICENSE in Resources */,
				4AB17CCE28A015C100CBBF73 /* 3.png in Resources */,
				4A6F6E8028AB9207004C71B2 /* 2.png in Resources */,
				4AF0F68C2880011C00088399 /* Preview Assets.xcassets in Resources */,
				4AB17CCC28A015C100CBBF73 /* 1.png in Resources */,
				4AB17CCD28A015C100CBBF73 /* 4.png in Resources */,
				4AF0F6882880011C00088399 /* Assets.xcassets in Resources */,
			);
			runOnlyForDeploymentPostprocessing = 0;
		};
/* End PBXResourcesBuildPhase section */

/* Begin PBXSourcesBuildPhase section */
		4AF0F67C2880011C00088399 /* Sources */ = {
			isa = PBXSourcesBuildPhase;
			buildActionMask = 2147483647;
			files = (
				4A645D63289AB4D900BE11CB /* SelectSettings.swift in Sources */,
				4A96BD7E28BE119100CF9963 /* PDFDocument.swift in Sources */,
				4A645D67289ABCD500BE11CB /* DiscoverDevices.swift in Sources */,
				4A74B11F289E81ED00BCB17F /* ActivityViewHandler.swift in Sources */,
				4A74B119289E5A8200BCB17F /* DocumentBrowser.swift in Sources */,
				4A74B121289E94F500BCB17F /* LoadingOverlay.swift in Sources */,
				4A74B11B289E5FBC00BCB17F /* DocumentPreview.swift in Sources */,
				4AF0F6862880011C00088399 /* ContentView.swift in Sources */,
				4A74B11D289E602800BCB17F /* PDFKitRepresentedView.swift in Sources */,
				4AF0F6842880011C00088399 /* OpenAirScanApp.swift in Sources */,
				4AB7BB9328A6357D0051A291 /* QuickScan.swift in Sources */,
				4A97B2752A6A9EC800634B29 /* LogDisplay.swift in Sources */,
				4AF472E1289BDF9300DD7C5C /* ScannerListItem.swift in Sources */,
			);
			runOnlyForDeploymentPostprocessing = 0;
		};
/* End PBXSourcesBuildPhase section */

/* Begin XCBuildConfiguration section */
		4AF0F68D2880011C00088399 /* Debug */ = {
			isa = XCBuildConfiguration;
			buildSettings = {
				ALWAYS_SEARCH_USER_PATHS = NO;
				CLANG_ANALYZER_NONNULL = YES;
				CLANG_ANALYZER_NUMBER_OBJECT_CONVERSION = YES_AGGRESSIVE;
				CLANG_CXX_LANGUAGE_STANDARD = "gnu++17";
				CLANG_ENABLE_MODULES = YES;
				CLANG_ENABLE_OBJC_ARC = YES;
				CLANG_ENABLE_OBJC_WEAK = YES;
				CLANG_WARN_BLOCK_CAPTURE_AUTORELEASING = YES;
				CLANG_WARN_BOOL_CONVERSION = YES;
				CLANG_WARN_COMMA = YES;
				CLANG_WARN_CONSTANT_CONVERSION = YES;
				CLANG_WARN_DEPRECATED_OBJC_IMPLEMENTATIONS = YES;
				CLANG_WARN_DIRECT_OBJC_ISA_USAGE = YES_ERROR;
				CLANG_WARN_DOCUMENTATION_COMMENTS = YES;
				CLANG_WARN_EMPTY_BODY = YES;
				CLANG_WARN_ENUM_CONVERSION = YES;
				CLANG_WARN_INFINITE_RECURSION = YES;
				CLANG_WARN_INT_CONVERSION = YES;
				CLANG_WARN_NON_LITERAL_NULL_CONVERSION = YES;
				CLANG_WARN_OBJC_IMPLICIT_RETAIN_SELF = YES;
				CLANG_WARN_OBJC_LITERAL_CONVERSION = YES;
				CLANG_WARN_OBJC_ROOT_CLASS = YES_ERROR;
				CLANG_WARN_QUOTED_INCLUDE_IN_FRAMEWORK_HEADER = YES;
				CLANG_WARN_RANGE_LOOP_ANALYSIS = YES;
				CLANG_WARN_STRICT_PROTOTYPES = YES;
				CLANG_WARN_SUSPICIOUS_MOVE = YES;
				CLANG_WARN_UNGUARDED_AVAILABILITY = YES_AGGRESSIVE;
				CLANG_WARN_UNREACHABLE_CODE = YES;
				CLANG_WARN__DUPLICATE_METHOD_MATCH = YES;
				COPY_PHASE_STRIP = NO;
				DEAD_CODE_STRIPPING = YES;
				DEBUG_INFORMATION_FORMAT = dwarf;
				ENABLE_STRICT_OBJC_MSGSEND = YES;
				ENABLE_TESTABILITY = YES;
				ENABLE_USER_SCRIPT_SANDBOXING = YES;
				GCC_C_LANGUAGE_STANDARD = gnu11;
				GCC_DYNAMIC_NO_PIC = NO;
				GCC_NO_COMMON_BLOCKS = YES;
				GCC_OPTIMIZATION_LEVEL = 0;
				GCC_PREPROCESSOR_DEFINITIONS = (
					"DEBUG=1",
					"$(inherited)",
				);
				GCC_WARN_64_TO_32_BIT_CONVERSION = YES;
				GCC_WARN_ABOUT_RETURN_TYPE = YES_ERROR;
				GCC_WARN_UNDECLARED_SELECTOR = YES;
				GCC_WARN_UNINITIALIZED_AUTOS = YES_AGGRESSIVE;
				GCC_WARN_UNUSED_FUNCTION = YES;
				GCC_WARN_UNUSED_VARIABLE = YES;
				MTL_ENABLE_DEBUG_INFO = INCLUDE_SOURCE;
				MTL_FAST_MATH = YES;
				ONLY_ACTIVE_ARCH = YES;
				SWIFT_ACTIVE_COMPILATION_CONDITIONS = DEBUG;
				SWIFT_OPTIMIZATION_LEVEL = "-Onone";
			};
			name = Debug;
		};
		4AF0F68E2880011C00088399 /* Release */ = {
			isa = XCBuildConfiguration;
			buildSettings = {
				ALWAYS_SEARCH_USER_PATHS = NO;
				CLANG_ANALYZER_NONNULL = YES;
				CLANG_ANALYZER_NUMBER_OBJECT_CONVERSION = YES_AGGRESSIVE;
				CLANG_CXX_LANGUAGE_STANDARD = "gnu++17";
				CLANG_ENABLE_MODULES = YES;
				CLANG_ENABLE_OBJC_ARC = YES;
				CLANG_ENABLE_OBJC_WEAK = YES;
				CLANG_WARN_BLOCK_CAPTURE_AUTORELEASING = YES;
				CLANG_WARN_BOOL_CONVERSION = YES;
				CLANG_WARN_COMMA = YES;
				CLANG_WARN_CONSTANT_CONVERSION = YES;
				CLANG_WARN_DEPRECATED_OBJC_IMPLEMENTATIONS = YES;
				CLANG_WARN_DIRECT_OBJC_ISA_USAGE = YES_ERROR;
				CLANG_WARN_DOCUMENTATION_COMMENTS = YES;
				CLANG_WARN_EMPTY_BODY = YES;
				CLANG_WARN_ENUM_CONVERSION = YES;
				CLANG_WARN_INFINITE_RECURSION = YES;
				CLANG_WARN_INT_CONVERSION = YES;
				CLANG_WARN_NON_LITERAL_NULL_CONVERSION = YES;
				CLANG_WARN_OBJC_IMPLICIT_RETAIN_SELF = YES;
				CLANG_WARN_OBJC_LITERAL_CONVERSION = YES;
				CLANG_WARN_OBJC_ROOT_CLASS = YES_ERROR;
				CLANG_WARN_QUOTED_INCLUDE_IN_FRAMEWORK_HEADER = YES;
				CLANG_WARN_RANGE_LOOP_ANALYSIS = YES;
				CLANG_WARN_STRICT_PROTOTYPES = YES;
				CLANG_WARN_SUSPICIOUS_MOVE = YES;
				CLANG_WARN_UNGUARDED_AVAILABILITY = YES_AGGRESSIVE;
				CLANG_WARN_UNREACHABLE_CODE = YES;
				CLANG_WARN__DUPLICATE_METHOD_MATCH = YES;
				COPY_PHASE_STRIP = NO;
				DEAD_CODE_STRIPPING = YES;
				DEBUG_INFORMATION_FORMAT = "dwarf-with-dsym";
				ENABLE_NS_ASSERTIONS = NO;
				ENABLE_STRICT_OBJC_MSGSEND = YES;
				ENABLE_USER_SCRIPT_SANDBOXING = YES;
				GCC_C_LANGUAGE_STANDARD = gnu11;
				GCC_NO_COMMON_BLOCKS = YES;
				GCC_WARN_64_TO_32_BIT_CONVERSION = YES;
				GCC_WARN_ABOUT_RETURN_TYPE = YES_ERROR;
				GCC_WARN_UNDECLARED_SELECTOR = YES;
				GCC_WARN_UNINITIALIZED_AUTOS = YES_AGGRESSIVE;
				GCC_WARN_UNUSED_FUNCTION = YES;
				GCC_WARN_UNUSED_VARIABLE = YES;
				MTL_ENABLE_DEBUG_INFO = NO;
				MTL_FAST_MATH = YES;
				SWIFT_COMPILATION_MODE = wholemodule;
				SWIFT_OPTIMIZATION_LEVEL = "-O";
			};
			name = Release;
		};
		4AF0F6902880011C00088399 /* Debug */ = {
			isa = XCBuildConfiguration;
			buildSettings = {
				ASSETCATALOG_COMPILER_APPICON_NAME = AppIcon;
				ASSETCATALOG_COMPILER_GLOBAL_ACCENT_COLOR_NAME = AccentColor;
				ASSETCATALOG_COMPILER_INCLUDE_ALL_APPICON_ASSETS = NO;
				CODE_SIGN_ENTITLEMENTS = OpenAirScan/AirScanTest.entitlements;
				"CODE_SIGN_IDENTITY[sdk=macosx*]" = "Apple Development";
				CODE_SIGN_STYLE = Automatic;
				CURRENT_PROJECT_VERSION = 1;
				DEAD_CODE_STRIPPING = YES;
				DEVELOPMENT_ASSET_PATHS = "\"OpenAirScan/Preview Content\"";
				DEVELOPMENT_TEAM = 28KGVFV686;
				ENABLE_HARDENED_RUNTIME = YES;
				ENABLE_PREVIEWS = YES;
				GENERATE_INFOPLIST_FILE = YES;
				INFOPLIST_FILE = OpenAirScan/Info.plist;
				INFOPLIST_KEY_CFBundleDisplayName = OpenAirScan;
				INFOPLIST_KEY_LSApplicationCategoryType = "public.app-category.productivity";
				INFOPLIST_KEY_LSSupportsOpeningDocumentsInPlace = YES;
				INFOPLIST_KEY_NSLocalNetworkUsageDescription = "Access to your local network is required for scanner discovery.";
				"INFOPLIST_KEY_UILaunchScreen_Generation[sdk=iphoneos*]" = YES;
				"INFOPLIST_KEY_UILaunchScreen_Generation[sdk=iphonesimulator*]" = YES;
				INFOPLIST_KEY_UIStatusBarStyle = "";
				INFOPLIST_KEY_UISupportedInterfaceOrientations = UIInterfaceOrientationPortrait;
				INFOPLIST_KEY_UISupportedInterfaceOrientations_iPad = "UIInterfaceOrientationLandscapeLeft UIInterfaceOrientationLandscapeRight UIInterfaceOrientationPortrait UIInterfaceOrientationPortraitUpsideDown";
				IPHONEOS_DEPLOYMENT_TARGET = 15.0;
				LD_RUNPATH_SEARCH_PATHS = "@executable_path/Frameworks";
				"LD_RUNPATH_SEARCH_PATHS[sdk=macosx*]" = "@executable_path/../Frameworks";
				MACOSX_DEPLOYMENT_TARGET = 12.0;
				MARKETING_VERSION = 1.5;
				PRODUCT_BUNDLE_IDENTIFIER = me.wehrfritz.OpenAirScan;
				PRODUCT_NAME = "$(TARGET_NAME)";
				SDKROOT = auto;
				SUPPORTED_PLATFORMS = "iphoneos iphonesimulator";
				SUPPORTS_MACCATALYST = NO;
				SUPPORTS_MAC_DESIGNED_FOR_IPHONE_IPAD = NO;
				SWIFT_EMIT_LOC_STRINGS = YES;
				SWIFT_VERSION = 5.0;
				TARGETED_DEVICE_FAMILY = "1,2";
			};
			name = Debug;
		};
		4AF0F6912880011C00088399 /* Release */ = {
			isa = XCBuildConfiguration;
			buildSettings = {
				ASSETCATALOG_COMPILER_APPICON_NAME = AppIcon;
				ASSETCATALOG_COMPILER_GLOBAL_ACCENT_COLOR_NAME = AccentColor;
				ASSETCATALOG_COMPILER_INCLUDE_ALL_APPICON_ASSETS = NO;
				CODE_SIGN_ENTITLEMENTS = OpenAirScan/AirScanTest.entitlements;
				"CODE_SIGN_IDENTITY[sdk=macosx*]" = "Apple Development";
				CODE_SIGN_STYLE = Automatic;
				CURRENT_PROJECT_VERSION = 1;
				DEAD_CODE_STRIPPING = YES;
				DEVELOPMENT_ASSET_PATHS = "\"OpenAirScan/Preview Content\"";
				DEVELOPMENT_TEAM = 28KGVFV686;
				ENABLE_HARDENED_RUNTIME = YES;
				ENABLE_PREVIEWS = YES;
				GENERATE_INFOPLIST_FILE = YES;
				INFOPLIST_FILE = OpenAirScan/Info.plist;
				INFOPLIST_KEY_CFBundleDisplayName = OpenAirScan;
				INFOPLIST_KEY_LSApplicationCategoryType = "public.app-category.productivity";
				INFOPLIST_KEY_LSSupportsOpeningDocumentsInPlace = YES;
				INFOPLIST_KEY_NSLocalNetworkUsageDescription = "Access to your local network is required for scanner discovery.";
				"INFOPLIST_KEY_UILaunchScreen_Generation[sdk=iphoneos*]" = YES;
				"INFOPLIST_KEY_UILaunchScreen_Generation[sdk=iphonesimulator*]" = YES;
				INFOPLIST_KEY_UIStatusBarStyle = "";
				INFOPLIST_KEY_UISupportedInterfaceOrientations = UIInterfaceOrientationPortrait;
				INFOPLIST_KEY_UISupportedInterfaceOrientations_iPad = "UIInterfaceOrientationLandscapeLeft UIInterfaceOrientationLandscapeRight UIInterfaceOrientationPortrait UIInterfaceOrientationPortraitUpsideDown";
				IPHONEOS_DEPLOYMENT_TARGET = 15.0;
				LD_RUNPATH_SEARCH_PATHS = "@executable_path/Frameworks";
				"LD_RUNPATH_SEARCH_PATHS[sdk=macosx*]" = "@executable_path/../Frameworks";
				MACOSX_DEPLOYMENT_TARGET = 12.0;
				MARKETING_VERSION = 1.5;
				PRODUCT_BUNDLE_IDENTIFIER = me.wehrfritz.OpenAirScan;
				PRODUCT_NAME = "$(TARGET_NAME)";
				SDKROOT = auto;
				SUPPORTED_PLATFORMS = "iphoneos iphonesimulator";
				SUPPORTS_MACCATALYST = NO;
				SUPPORTS_MAC_DESIGNED_FOR_IPHONE_IPAD = NO;
				SWIFT_EMIT_LOC_STRINGS = YES;
				SWIFT_VERSION = 5.0;
				TARGETED_DEVICE_FAMILY = "1,2";
			};
			name = Release;
		};
/* End XCBuildConfiguration section */

/* Begin XCConfigurationList section */
		4AF0F67B2880011C00088399 /* Build configuration list for PBXProject "OpenAirScan" */ = {
			isa = XCConfigurationList;
			buildConfigurations = (
				4AF0F68D2880011C00088399 /* Debug */,
				4AF0F68E2880011C00088399 /* Release */,
			);
			defaultConfigurationIsVisible = 0;
			defaultConfigurationName = Release;
		};
		4AF0F68F2880011C00088399 /* Build configuration list for PBXNativeTarget "OpenAirScan" */ = {
			isa = XCConfigurationList;
			buildConfigurations = (
				4AF0F6902880011C00088399 /* Debug */,
				4AF0F6912880011C00088399 /* Release */,
			);
			defaultConfigurationIsVisible = 0;
			defaultConfigurationName = Release;
		};
/* End XCConfigurationList section */

/* Begin XCRemoteSwiftPackageReference section */
		4A97B2792A6AAC9300634B29 /* XCRemoteSwiftPackageReference "SwiftESCL" */ = {
			isa = XCRemoteSwiftPackageReference;
			repositoryURL = "https://github.com/LeoKlaus/SwiftESCL";
			requirement = {
				kind = exactVersion;
				version = 1.8.0;
			};
		};
/* End XCRemoteSwiftPackageReference section */

/* Begin XCSwiftPackageProductDependency section */
		4A7310442A6AADF000562A22 /* SwiftESCL */ = {
			isa = XCSwiftPackageProductDependency;
			package = 4A97B2792A6AAC9300634B29 /* XCRemoteSwiftPackageReference "SwiftESCL" */;
			productName = SwiftESCL;
		};
/* End XCSwiftPackageProductDependency section */
	};
	rootObject = 4AF0F6782880011C00088399 /* Project object */;
}
